lockfileVersion: '9.0'

settings:
  autoInstallPeers: true
  excludeLinksFromLockfile: false

importers:

  .:
    dependencies:
      '@webcontainer/api':
        specifier: ^1.6.1
        version: 1.6.4

packages:

  '@webcontainer/api@1.6.4':
    resolution: {integrity: sha512-r9sHCXg1FcC1AMgppGwAc0vYWaQhqvg282cnsuPbJEzYnWifAdCVvg+8ngJUEHyHcomhJJp+/zuytite4ITHLw==}

snapshots:

  '@webcontainer/api@1.6.4': {}
