lockfileVersion: '9.0'

settings:
  autoInstallPeers: true
  excludeLinksFromLockfile: false

importers:

  .:
    dependencies:
      '@rollup/browser':
        specifier: ^4.9.0
        version: 4.62.3
      esbuild-wasm:
        specifier: ^0.20.0
        version: 0.20.2

packages:

  '@rollup/browser@4.62.3':
    resolution: {integrity: sha512-7AN89WKIfq54PsDvHKKhOgYMiGE4WbsWHhE/31WZXKw6UDTT0UjF2KyO9IbIVx07c36xdv7WZ5M5uwrESrQu/g==}

  '@types/estree@1.0.9':
    resolution: {integrity: sha512-GhdPgy1el4/ImP05X05Uw4cw2/M93BCUmnEvWZNStlCzEKME4Fkk+YpoA5OiHNQmoS7Cafb8Xa3Pya8m1Qrzeg==}

  esbuild-wasm@0.20.2:
    resolution: {integrity: sha512-7o6nmsEqlcXJXMNqnx5K+M4w4OPx7yTFXQHcJyeP3SkXb8p2T8N9E1ayK4vd/qDBepH6fuPoZwiFvZm8x5qv+w==}
    engines: {node: '>=12'}
    hasBin: true

snapshots:

  '@rollup/browser@4.62.3':
    dependencies:
      '@types/estree': 1.0.9

  '@types/estree@1.0.9': {}

  esbuild-wasm@0.20.2: {}
