lockfileVersion: '9.0'

settings:
  autoInstallPeers: true
  excludeLinksFromLockfile: false

importers:

  .:
    dependencies:
      '@rollup/browser':
        specifier: ^4.9.0
        version: 4.62.3
      esbuild-wasm:
        specifier: ^0.20.0
        version: 0.20.2
    devDependencies:
      '@rolldown/browser':
        specifier: 1.2.1
        version: 1.2.1

packages:

  '@emnapi/core@2.0.0-alpha.3':
    resolution: {integrity: sha512-AZypUeJ/yByuxyS7BlSNRDOMLMlROYtjYdIAuBmJssVz1UJDSeYxLrdizhXCFYhedC5bqd/ASy8EuNXbVVXp9g==}

  '@emnapi/runtime@2.0.0-alpha.3':
    resolution: {integrity: sha512-hFPAhMUjJD9BSyCANEISPOogeXC9Zo9ZQl7L6vKnaVsMkCtzznaW/naYypeyl0Gv5rYfWYsZbpixTMpjDJzQeA==}

  '@emnapi/wasi-threads@2.0.1':
    resolution: {integrity: sha512-9DsSk+o5NBX0CCJT8s0EROGSGxjR/tKu6aBTaVyq+SjAEQH4XcdcRxPBRzsBLizTTJ49MJjF+jgu3qnO9GLQcQ==}

  '@napi-rs/wasm-runtime@1.2.1':
    resolution: {integrity: sha512-KjZdi8Q1wh89gsVmghvbrMgWl6ZWmRmHV6wjB7/g4Zf0dyO+hH3neZUtuDNPO00qq5YE5RITVWvrIZKRaAmzGQ==}
    engines: {node: ^20.19.0 || ^22.13.0 || >=23.5.0}
    peerDependencies:
      '@emnapi/core': ^1.7.1 || ^2.0.0-alpha.3
      '@emnapi/runtime': ^1.7.1 || ^2.0.0-alpha.3

  '@rolldown/browser@1.2.1':
    resolution: {integrity: sha512-wdWNMUba40WNB7IkqI1UoATBJ0ygLUiosUeQXF1jn0HAjcJtpNjNE5/Qchxi+rEppeHoh1dBwJ06jbWs1RQq0g==}
    hasBin: true

  '@rollup/browser@4.62.3':
    resolution: {integrity: sha512-7AN89WKIfq54PsDvHKKhOgYMiGE4WbsWHhE/31WZXKw6UDTT0UjF2KyO9IbIVx07c36xdv7WZ5M5uwrESrQu/g==}

  '@tybys/wasm-util@0.10.3':
    resolution: {integrity: sha512-F3fo1MYrRJYL3zER0OUOmkutjr1Vp23m7OsSgp7nq4SP6OqX6C/56XFIPAl5bt3zaBRjmW7SGz3u/6LwFpYcOg==}

  '@types/estree@1.0.9':
    resolution: {integrity: sha512-GhdPgy1el4/ImP05X05Uw4cw2/M93BCUmnEvWZNStlCzEKME4Fkk+YpoA5OiHNQmoS7Cafb8Xa3Pya8m1Qrzeg==}

  esbuild-wasm@0.20.2:
    resolution: {integrity: sha512-7o6nmsEqlcXJXMNqnx5K+M4w4OPx7yTFXQHcJyeP3SkXb8p2T8N9E1ayK4vd/qDBepH6fuPoZwiFvZm8x5qv+w==}
    engines: {node: '>=12'}
    hasBin: true

  tslib@2.8.1:
    resolution: {integrity: sha512-oJFu94HQb+KVduSUQL7wnpmqnfmLsOA/nAh6b6EH0wCEoK0/mPeXU6c3wKDV83MkOuHPRHtSXKKU99IBazS/2w==}

snapshots:

  '@emnapi/core@2.0.0-alpha.3':
    dependencies:
      '@emnapi/wasi-threads': 2.0.1
      tslib: 2.8.1

  '@emnapi/runtime@2.0.0-alpha.3':
    dependencies:
      tslib: 2.8.1

  '@emnapi/wasi-threads@2.0.1':
    dependencies:
      tslib: 2.8.1

  '@napi-rs/wasm-runtime@1.2.1(@emnapi/core@2.0.0-alpha.3)(@emnapi/runtime@2.0.0-alpha.3)':
    dependencies:
      '@emnapi/core': 2.0.0-alpha.3
      '@emnapi/runtime': 2.0.0-alpha.3
      '@tybys/wasm-util': 0.10.3

  '@rolldown/browser@1.2.1':
    dependencies:
      '@emnapi/core': 2.0.0-alpha.3
      '@emnapi/runtime': 2.0.0-alpha.3
      '@napi-rs/wasm-runtime': 1.2.1(@emnapi/core@2.0.0-alpha.3)(@emnapi/runtime@2.0.0-alpha.3)

  '@rollup/browser@4.62.3':
    dependencies:
      '@types/estree': 1.0.9

  '@tybys/wasm-util@0.10.3':
    dependencies:
      tslib: 2.8.1

  '@types/estree@1.0.9': {}

  esbuild-wasm@0.20.2: {}

  tslib@2.8.1: {}
